
Microsoft Visual Studio Solution File, Format Version 12.00
# Visual Studio Version 16
VisualStudioVersion = 16.0.29911.84
MinimumVisualStudioVersion = 10.0.40219.1
Project("{8BC9CEB8-8B4A-11D0-8D11-00A0C91BC942}") = "winapi", "winapi.vcxproj", "{CBBA12F2-FD33-4B39-91EC-B16A994F5AF7}"
EndProject
Project("{8BC9CEB8-8B4A-11D0-8D11-00A0C91BC942}") = "HighPerformanceTimer", "winapi_test\winapi_test.vcxproj", "{D0E50F47-8D2B-483C-ABFC-BB6F19447F5D}"
EndProject
Project("{8BC9CEB8-8B4A-11D0-8D11-00A0C91BC942}") = "window", "real_window_test\real_window_test.vcxproj", "{7D79A76A-0F3B-47C7-BEBD-A15D24554B9B}"
EndProject
Project("{8BC9CEB8-8B4A-11D0-8D11-00A0C91BC942}") = "fake_window_test", "fake_window_test\window_test.vcxproj", "{E6685D2B-4B54-41F7-AE92-56AF076E924A}"
EndProject
Project("{2150E333-8FDC-42A3-9474-1A3956D46DE8}") = "tests", "tests", "{2710A987-5D65-4CE8-A96A-BD2B810840E4}"
EndProject
Project("{2150E333-8FDC-42A3-9474-1A3956D46DE8}") = "misc", "misc", "{DFB3CE27-D97B-49B8-9F56-97826B935783}"
EndProject
Project("{8BC9CEB8-8B4A-11D0-8D11-00A0C91BC942}") = "WOUT", "WOUT\WOUT.vcxproj", "{1B282F87-9123-4A08-A590-04CC8191ED71}"
	ProjectSection(ProjectDependencies) = postProject
		{CBBA12F2-FD33-4B39-91EC-B16A994F5AF7} = {CBBA12F2-FD33-4B39-91EC-B16A994F5AF7}
	EndProjectSection
EndProject
Project("{8BC9CEB8-8B4A-11D0-8D11-00A0C91BC942}") = "GDIPlus", "..\GDIPlus\GDIPlus.vcxproj", "{B2243A23-C973-4120-8C08-5F2E128C6D7C}"
EndProject
Project("{2150E333-8FDC-42A3-9474-1A3956D46DE8}") = "doc", "doc", "{ABE38E39-C9DB-40B5-83CF-ECC3CAB765B0}"
	ProjectSection(SolutionItems) = preProject
		doc\design.txt = doc\design.txt
		doc\todo.txt = doc\todo.txt
	EndProjectSection
EndProject
Global
	GlobalSection(SolutionConfigurationPlatforms) = preSolution
		Debug|Win32 = Debug|Win32
		Release|Win32 = Release|Win32
		UnicodeDebug|Win32 = UnicodeDebug|Win32
		UnicodeRelease|Win32 = UnicodeRelease|Win32
	EndGlobalSection
	GlobalSection(ProjectConfigurationPlatforms) = postSolution
		{CBBA12F2-FD33-4B39-91EC-B16A994F5AF7}.Debug|Win32.ActiveCfg = Debug|Win32
		{CBBA12F2-FD33-4B39-91EC-B16A994F5AF7}.Debug|Win32.Build.0 = Debug|Win32
		{CBBA12F2-FD33-4B39-91EC-B16A994F5AF7}.Release|Win32.ActiveCfg = Release|Win32
		{CBBA12F2-FD33-4B39-91EC-B16A994F5AF7}.Release|Win32.Build.0 = Release|Win32
		{CBBA12F2-FD33-4B39-91EC-B16A994F5AF7}.UnicodeDebug|Win32.ActiveCfg = UnicodeDebug|Win32
		{CBBA12F2-FD33-4B39-91EC-B16A994F5AF7}.UnicodeDebug|Win32.Build.0 = UnicodeDebug|Win32
		{CBBA12F2-FD33-4B39-91EC-B16A994F5AF7}.UnicodeRelease|Win32.ActiveCfg = UnicodeRelease|Win32
		{CBBA12F2-FD33-4B39-91EC-B16A994F5AF7}.UnicodeRelease|Win32.Build.0 = UnicodeRelease|Win32
		{D0E50F47-8D2B-483C-ABFC-BB6F19447F5D}.Debug|Win32.ActiveCfg = Debug|Win32
		{D0E50F47-8D2B-483C-ABFC-BB6F19447F5D}.Release|Win32.ActiveCfg = Release|Win32
		{D0E50F47-8D2B-483C-ABFC-BB6F19447F5D}.Release|Win32.Build.0 = Release|Win32
		{D0E50F47-8D2B-483C-ABFC-BB6F19447F5D}.UnicodeDebug|Win32.ActiveCfg = Debug|Win32
		{D0E50F47-8D2B-483C-ABFC-BB6F19447F5D}.UnicodeRelease|Win32.ActiveCfg = Release|Win32
		{D0E50F47-8D2B-483C-ABFC-BB6F19447F5D}.UnicodeRelease|Win32.Build.0 = Release|Win32
		{7D79A76A-0F3B-47C7-BEBD-A15D24554B9B}.Debug|Win32.ActiveCfg = Debug|Win32
		{7D79A76A-0F3B-47C7-BEBD-A15D24554B9B}.Debug|Win32.Build.0 = Debug|Win32
		{7D79A76A-0F3B-47C7-BEBD-A15D24554B9B}.Release|Win32.ActiveCfg = Release|Win32
		{7D79A76A-0F3B-47C7-BEBD-A15D24554B9B}.Release|Win32.Build.0 = Release|Win32
		{7D79A76A-0F3B-47C7-BEBD-A15D24554B9B}.UnicodeDebug|Win32.ActiveCfg = Debug|Win32
		{7D79A76A-0F3B-47C7-BEBD-A15D24554B9B}.UnicodeRelease|Win32.ActiveCfg = Release|Win32
		{7D79A76A-0F3B-47C7-BEBD-A15D24554B9B}.UnicodeRelease|Win32.Build.0 = Release|Win32
		{E6685D2B-4B54-41F7-AE92-56AF076E924A}.Debug|Win32.ActiveCfg = Debug|Win32
		{E6685D2B-4B54-41F7-AE92-56AF076E924A}.Debug|Win32.Build.0 = Debug|Win32
		{E6685D2B-4B54-41F7-AE92-56AF076E924A}.Release|Win32.ActiveCfg = Release|Win32
		{E6685D2B-4B54-41F7-AE92-56AF076E924A}.Release|Win32.Build.0 = Release|Win32
		{E6685D2B-4B54-41F7-AE92-56AF076E924A}.UnicodeDebug|Win32.ActiveCfg = Debug|Win32
		{E6685D2B-4B54-41F7-AE92-56AF076E924A}.UnicodeRelease|Win32.ActiveCfg = Release|Win32
		{E6685D2B-4B54-41F7-AE92-56AF076E924A}.UnicodeRelease|Win32.Build.0 = Release|Win32
		{1B282F87-9123-4A08-A590-04CC8191ED71}.Debug|Win32.ActiveCfg = Debug|Win32
		{1B282F87-9123-4A08-A590-04CC8191ED71}.Debug|Win32.Build.0 = Debug|Win32
		{1B282F87-9123-4A08-A590-04CC8191ED71}.Release|Win32.ActiveCfg = Release|Win32
		{1B282F87-9123-4A08-A590-04CC8191ED71}.Release|Win32.Build.0 = Release|Win32
		{1B282F87-9123-4A08-A590-04CC8191ED71}.UnicodeDebug|Win32.ActiveCfg = Debug|Win32
		{1B282F87-9123-4A08-A590-04CC8191ED71}.UnicodeDebug|Win32.Build.0 = Debug|Win32
		{1B282F87-9123-4A08-A590-04CC8191ED71}.UnicodeRelease|Win32.ActiveCfg = Release|Win32
		{1B282F87-9123-4A08-A590-04CC8191ED71}.UnicodeRelease|Win32.Build.0 = Release|Win32
		{B2243A23-C973-4120-8C08-5F2E128C6D7C}.Debug|Win32.ActiveCfg = Debug|Win32
		{B2243A23-C973-4120-8C08-5F2E128C6D7C}.Debug|Win32.Build.0 = Debug|Win32
		{B2243A23-C973-4120-8C08-5F2E128C6D7C}.Release|Win32.ActiveCfg = Release|Win32
		{B2243A23-C973-4120-8C08-5F2E128C6D7C}.Release|Win32.Build.0 = Release|Win32
		{B2243A23-C973-4120-8C08-5F2E128C6D7C}.UnicodeDebug|Win32.ActiveCfg = Debug|Win32
		{B2243A23-C973-4120-8C08-5F2E128C6D7C}.UnicodeDebug|Win32.Build.0 = Debug|Win32
		{B2243A23-C973-4120-8C08-5F2E128C6D7C}.UnicodeRelease|Win32.ActiveCfg = Release|Win32
		{B2243A23-C973-4120-8C08-5F2E128C6D7C}.UnicodeRelease|Win32.Build.0 = Release|Win32
	EndGlobalSection
	GlobalSection(SolutionProperties) = preSolution
		HideSolutionNode = FALSE
	EndGlobalSection
	GlobalSection(NestedProjects) = preSolution
		{D0E50F47-8D2B-483C-ABFC-BB6F19447F5D} = {2710A987-5D65-4CE8-A96A-BD2B810840E4}
		{7D79A76A-0F3B-47C7-BEBD-A15D24554B9B} = {2710A987-5D65-4CE8-A96A-BD2B810840E4}
		{E6685D2B-4B54-41F7-AE92-56AF076E924A} = {DFB3CE27-D97B-49B8-9F56-97826B935783}
		{1B282F87-9123-4A08-A590-04CC8191ED71} = {2710A987-5D65-4CE8-A96A-BD2B810840E4}
		{B2243A23-C973-4120-8C08-5F2E128C6D7C} = {2710A987-5D65-4CE8-A96A-BD2B810840E4}
	EndGlobalSection
	GlobalSection(ExtensibilityGlobals) = postSolution
		SolutionGuid = {6165E765-9723-4519-BECA-138FD0BB4395}
	EndGlobalSection
EndGlobal
