<?xml version="1.0" encoding="utf-8"?>
<Project ToolsVersion="4.0" xmlns="http://schemas.microsoft.com/developer/msbuild/2003">
  <ItemGroup>
    <Filter Include="Source Files">
      <UniqueIdentifier>{4FC737F1-C7A5-4376-A066-2A32D752A2FF}</UniqueIdentifier>
      <Extensions>cpp;c;cc;cxx;def;odl;idl;hpj;bat;asm;asmx</Extensions>
    </Filter>
    <Filter Include="Header Files">
      <UniqueIdentifier>{93995380-89BD-4b04-88EB-625FBE52EBFB}</UniqueIdentifier>
      <Extensions>h;hpp;hxx;hm;inl;inc;xsd</Extensions>
    </Filter>
    <Filter Include="Resource Files">
      <UniqueIdentifier>{67DA6AB6-F800-4c08-8B7A-83BB121AAD01}</UniqueIdentifier>
      <Extensions>rc;ico;cur;bmp;dlg;rc2;rct;bin;rgs;gif;jpg;jpeg;jpe;resx;tiff;tif;png;wav;mfcribbon-ms</Extensions>
    </Filter>
  </ItemGroup>
  <ItemGroup>
    <ClCompile Include="winapi_file.cpp">
      <Filter>Source Files</Filter>
    </ClCompile>
    <ClCompile Include="winapi_error.cpp">
      <Filter>Source Files</Filter>
    </ClCompile>
    <ClCompile Include="winapi_RAII.cpp">
      <Filter>Source Files</Filter>
    </ClCompile>
    <ClCompile Include="winapi_shell.cpp">
      <Filter>Source Files</Filter>
    </ClCompile>
    <ClCompile Include="winapi_gdi.cpp">
      <Filter>Source Files</Filter>
    </ClCompile>
    <ClCompile Include="winapi_wout.cpp">
      <Filter>Source Files</Filter>
    </ClCompile>
    <ClCompile Include="winapi_structures.cpp">
      <Filter>Source Files</Filter>
    </ClCompile>
    <ClCompile Include="winapi_GUI.cpp">
      <Filter>Source Files</Filter>
    </ClCompile>
    <ClCompile Include="splitter.cpp">
      <Filter>Source Files</Filter>
    </ClCompile>
    <ClCompile Include="2DMath.cpp">
      <Filter>Source Files</Filter>
    </ClCompile>
    <ClCompile Include="Bitmap.cpp">
      <Filter>Source Files</Filter>
    </ClCompile>
    <ClCompile Include="winapi_window.cpp">
      <Filter>Source Files</Filter>
    </ClCompile>
  </ItemGroup>
  <ItemGroup>
    <ClInclude Include="winapi_file.h">
      <Filter>Header Files</Filter>
    </ClInclude>
    <ClInclude Include="winapi_library.h">
      <Filter>Header Files</Filter>
    </ClInclude>
    <ClInclude Include="winapi_error.h">
      <Filter>Header Files</Filter>
    </ClInclude>
    <ClInclude Include="winapi_RAII.h">
      <Filter>Header Files</Filter>
    </ClInclude>
    <ClInclude Include="winapi_shell.h">
      <Filter>Header Files</Filter>
    </ClInclude>
    <ClInclude Include="winapi_window.h">
      <Filter>Header Files</Filter>
    </ClInclude>
    <ClInclude Include="winapi_gdi.h">
      <Filter>Header Files</Filter>
    </ClInclude>
    <ClInclude Include="winapi_wout.h">
      <Filter>Header Files</Filter>
    </ClInclude>
    <ClInclude Include="color.h">
      <Filter>Header Files</Filter>
    </ClInclude>
    <ClInclude Include="winapi_timer.h">
      <Filter>Header Files</Filter>
    </ClInclude>
    <ClInclude Include="winapi_DataConversion.h">
      <Filter>Header Files</Filter>
    </ClInclude>
    <ClInclude Include="winapi_structures.h">
      <Filter>Header Files</Filter>
    </ClInclude>
    <ClInclude Include="IWindow.h">
      <Filter>Header Files</Filter>
    </ClInclude>
    <ClInclude Include="Prerequisites.h">
      <Filter>Header Files</Filter>
    </ClInclude>
    <ClInclude Include="winapi_thread.h">
      <Filter>Header Files</Filter>
    </ClInclude>
    <ClInclude Include="winapi_GUI.h">
      <Filter>Header Files</Filter>
    </ClInclude>
    <ClInclude Include="Factories.h">
      <Filter>Header Files</Filter>
    </ClInclude>
    <ClInclude Include="winapi_drag.h">
      <Filter>Header Files</Filter>
    </ClInclude>
    <ClInclude Include="splitter.h">
      <Filter>Header Files</Filter>
    </ClInclude>
    <ClInclude Include="Singleton.h">
      <Filter>Header Files</Filter>
    </ClInclude>
    <ClInclude Include="adams_macros.h">
      <Filter>Header Files</Filter>
    </ClInclude>
    <ClInclude Include="winapi_log_wnd.h">
      <Filter>Header Files</Filter>
    </ClInclude>
    <ClInclude Include="2DMath.h">
      <Filter>Header Files</Filter>
    </ClInclude>
    <ClInclude Include="Bitmap.h">
      <Filter>Header Files</Filter>
    </ClInclude>
  </ItemGroup>
</Project>